{
    "name": "douse",
    "version": "0.0.2",
    "lockfileVersion": 2,
    "requires": true,
    "packages": {
        "": {
            "name": "douse",
            "version": "0.0.2",
            "license": "SEE LICENSE IN LICENSE.txt",
            "engines": {
                "vscode": "^1.61.0"
            }
        }
    }
}
